version = 1
requires-python = ">=3.13"

[[package]]
name = "monobase"
version = "0.1.dev125+gcb5bbb4"
source = { editable = "." }
dependencies = [
    { name = "structlog" },
]

[package.metadata]
requires-dist = [{ name = "structlog" }]

[[package]]
name = "structlog"
version = "24.4.0"
source = { registry = "https://pypi.org/simple" }
sdist = { url = "https://files.pythonhosted.org/packages/78/a3/e811a94ac3853826805253c906faa99219b79951c7d58605e89c79e65768/structlog-24.4.0.tar.gz", hash = "sha256:b27bfecede327a6d2da5fbc96bd859f114ecc398a6389d664f62085ee7ae6fc4", size = 1348634 }
wheels = [
    { url = "https://files.pythonhosted.org/packages/bf/65/813fc133609ebcb1299be6a42e5aea99d6344afb35ccb43f67e7daaa3b92/structlog-24.4.0-py3-none-any.whl", hash = "sha256:597f61e80a91cc0749a9fd2a098ed76715a1c8a01f73e336b746504d1aad7610", size = 67180 },
]
